<?xml version="1.0" encoding="utf-8"?>
<Project ToolsVersion="4.0" xmlns="http://schemas.microsoft.com/developer/msbuild/2003">
  <ItemGroup>
    <Filter Include="Source Files">
      <UniqueIdentifier>{4FC737F1-C7A5-4376-A066-2A32D752A2FF}</UniqueIdentifier>
      <Extensions>cpp;c;cc;cxx;def;odl;idl;hpj;bat;asm;asmx</Extensions>
    </Filter>
    <Filter Include="Header Files">
      <UniqueIdentifier>{93995380-89BD-4b04-88EB-625FBE52EBFB}</UniqueIdentifier>
      <Extensions>h;hpp;hxx;hm;inl;inc;xsd</Extensions>
    </Filter>
    <Filter Include="Resource Files">
      <UniqueIdentifier>{67DA6AB6-F800-4c08-8B7A-83BB121AAD01}</UniqueIdentifier>
      <Extensions>rc;ico;cur;bmp;dlg;rc2;rct;bin;rgs;gif;jpg;jpeg;jpe;resx;tiff;tif;png;wav;mfcribbon-ms</Extensions>
    </Filter>
  </ItemGroup>
  <ItemGroup>
    <ClInclude Include="C:\Python27\include\abstract.h">
      <Filter>Header Files</Filter>
    </ClInclude>
    <ClInclude Include="C:\Python27\include\asdl.h">
      <Filter>Header Files</Filter>
    </ClInclude>
    <ClInclude Include="C:\Python27\include\ast.h">
      <Filter>Header Files</Filter>
    </ClInclude>
    <ClInclude Include="C:\Python27\include\bitset.h">
      <Filter>Header Files</Filter>
    </ClInclude>
    <ClInclude Include="C:\Python27\include\boolobject.h">
      <Filter>Header Files</Filter>
    </ClInclude>
    <ClInclude Include="C:\Python27\include\bufferobject.h">
      <Filter>Header Files</Filter>
    </ClInclude>
    <ClInclude Include="C:\Python27\include\bytearrayobject.h">
      <Filter>Header Files</Filter>
    </ClInclude>
    <ClInclude Include="C:\Python27\include\bytes_methods.h">
      <Filter>Header Files</Filter>
    </ClInclude>
    <ClInclude Include="C:\Python27\include\bytesobject.h">
      <Filter>Header Files</Filter>
    </ClInclude>
    <ClInclude Include="C:\Python27\include\cellobject.h">
      <Filter>Header Files</Filter>
    </ClInclude>
    <ClInclude Include="C:\Python27\include\ceval.h">
      <Filter>Header Files</Filter>
    </ClInclude>
    <ClInclude Include="C:\Python27\include\classobject.h">
      <Filter>Header Files</Filter>
    </ClInclude>
    <ClInclude Include="C:\Python27\include\cobject.h">
      <Filter>Header Files</Filter>
    </ClInclude>
    <ClInclude Include="C:\Python27\include\code.h">
      <Filter>Header Files</Filter>
    </ClInclude>
    <ClInclude Include="C:\Python27\include\codecs.h">
      <Filter>Header Files</Filter>
    </ClInclude>
    <ClInclude Include="C:\Python27\include\compile.h">
      <Filter>Header Files</Filter>
    </ClInclude>
    <ClInclude Include="C:\Python27\include\complexobject.h">
      <Filter>Header Files</Filter>
    </ClInclude>
    <ClInclude Include="C:\Python27\include\cStringIO.h">
      <Filter>Header Files</Filter>
    </ClInclude>
    <ClInclude Include="C:\Python27\include\datetime.h">
      <Filter>Header Files</Filter>
    </ClInclude>
    <ClInclude Include="C:\Python27\include\descrobject.h">
      <Filter>Header Files</Filter>
    </ClInclude>
    <ClInclude Include="C:\Python27\include\dictobject.h">
      <Filter>Header Files</Filter>
    </ClInclude>
    <ClInclude Include="C:\Python27\include\dtoa.h">
      <Filter>Header Files</Filter>
    </ClInclude>
    <ClInclude Include="C:\Python27\include\enumobject.h">
      <Filter>Header Files</Filter>
    </ClInclude>
    <ClInclude Include="C:\Python27\include\errcode.h">
      <Filter>Header Files</Filter>
    </ClInclude>
    <ClInclude Include="C:\Python27\include\eval.h">
      <Filter>Header Files</Filter>
    </ClInclude>
    <ClInclude Include="C:\Python27\include\fileobject.h">
      <Filter>Header Files</Filter>
    </ClInclude>
    <ClInclude Include="C:\Python27\include\floatobject.h">
      <Filter>Header Files</Filter>
    </ClInclude>
    <ClInclude Include="C:\Python27\include\frameobject.h">
      <Filter>Header Files</Filter>
    </ClInclude>
    <ClInclude Include="C:\Python27\include\funcobject.h">
      <Filter>Header Files</Filter>
    </ClInclude>
    <ClInclude Include="C:\Python27\include\genobject.h">
      <Filter>Header Files</Filter>
    </ClInclude>
    <ClInclude Include="C:\Python27\include\graminit.h">
      <Filter>Header Files</Filter>
    </ClInclude>
    <ClInclude Include="C:\Python27\include\grammar.h">
      <Filter>Header Files</Filter>
    </ClInclude>
    <ClInclude Include="C:\Python27\include\import.h">
      <Filter>Header Files</Filter>
    </ClInclude>
    <ClInclude Include="C:\Python27\include\intobject.h">
      <Filter>Header Files</Filter>
    </ClInclude>
    <ClInclude Include="C:\Python27\include\intrcheck.h">
      <Filter>Header Files</Filter>
    </ClInclude>
    <ClInclude Include="C:\Python27\include\iterobject.h">
      <Filter>Header Files</Filter>
    </ClInclude>
    <ClInclude Include="C:\Python27\include\listobject.h">
      <Filter>Header Files</Filter>
    </ClInclude>
    <ClInclude Include="C:\Python27\include\longintrepr.h">
      <Filter>Header Files</Filter>
    </ClInclude>
    <ClInclude Include="C:\Python27\include\longobject.h">
      <Filter>Header Files</Filter>
    </ClInclude>
    <ClInclude Include="C:\Python27\include\marshal.h">
      <Filter>Header Files</Filter>
    </ClInclude>
    <ClInclude Include="C:\Python27\include\memoryobject.h">
      <Filter>Header Files</Filter>
    </ClInclude>
    <ClInclude Include="C:\Python27\include\metagrammar.h">
      <Filter>Header Files</Filter>
    </ClInclude>
    <ClInclude Include="C:\Python27\include\methodobject.h">
      <Filter>Header Files</Filter>
    </ClInclude>
    <ClInclude Include="C:\Python27\include\modsupport.h">
      <Filter>Header Files</Filter>
    </ClInclude>
    <ClInclude Include="C:\Python27\include\moduleobject.h">
      <Filter>Header Files</Filter>
    </ClInclude>
    <ClInclude Include="C:\Python27\include\node.h">
      <Filter>Header Files</Filter>
    </ClInclude>
    <ClInclude Include="C:\Python27\include\object.h">
      <Filter>Header Files</Filter>
    </ClInclude>
    <ClInclude Include="C:\Python27\include\objimpl.h">
      <Filter>Header Files</Filter>
    </ClInclude>
    <ClInclude Include="C:\Python27\include\opcode.h">
      <Filter>Header Files</Filter>
    </ClInclude>
    <ClInclude Include="C:\Python27\include\osdefs.h">
      <Filter>Header Files</Filter>
    </ClInclude>
    <ClInclude Include="C:\Python27\include\parsetok.h">
      <Filter>Header Files</Filter>
    </ClInclude>
    <ClInclude Include="C:\Python27\include\patchlevel.h">
      <Filter>Header Files</Filter>
    </ClInclude>
    <ClInclude Include="C:\Python27\include\pgen.h">
      <Filter>Header Files</Filter>
    </ClInclude>
    <ClInclude Include="C:\Python27\include\pgenheaders.h">
      <Filter>Header Files</Filter>
    </ClInclude>
    <ClInclude Include="C:\Python27\include\py_curses.h">
      <Filter>Header Files</Filter>
    </ClInclude>
    <ClInclude Include="C:\Python27\include\pyarena.h">
      <Filter>Header Files</Filter>
    </ClInclude>
    <ClInclude Include="C:\Python27\include\pycapsule.h">
      <Filter>Header Files</Filter>
    </ClInclude>
    <ClInclude Include="C:\Python27\include\pyconfig.h">
      <Filter>Header Files</Filter>
    </ClInclude>
    <ClInclude Include="C:\Python27\include\pyctype.h">
      <Filter>Header Files</Filter>
    </ClInclude>
    <ClInclude Include="C:\Python27\include\pydebug.h">
      <Filter>Header Files</Filter>
    </ClInclude>
    <ClInclude Include="C:\Python27\include\pyerrors.h">
      <Filter>Header Files</Filter>
    </ClInclude>
    <ClInclude Include="C:\Python27\include\pyexpat.h">
      <Filter>Header Files</Filter>
    </ClInclude>
    <ClInclude Include="C:\Python27\include\pyfpe.h">
      <Filter>Header Files</Filter>
    </ClInclude>
    <ClInclude Include="C:\Python27\include\pygetopt.h">
      <Filter>Header Files</Filter>
    </ClInclude>
    <ClInclude Include="C:\Python27\include\pymacconfig.h">
      <Filter>Header Files</Filter>
    </ClInclude>
    <ClInclude Include="C:\Python27\include\pymactoolbox.h">
      <Filter>Header Files</Filter>
    </ClInclude>
    <ClInclude Include="C:\Python27\include\pymath.h">
      <Filter>Header Files</Filter>
    </ClInclude>
    <ClInclude Include="C:\Python27\include\pymem.h">
      <Filter>Header Files</Filter>
    </ClInclude>
    <ClInclude Include="C:\Python27\include\pyport.h">
      <Filter>Header Files</Filter>
    </ClInclude>
    <ClInclude Include="C:\Python27\include\pystate.h">
      <Filter>Header Files</Filter>
    </ClInclude>
    <ClInclude Include="C:\Python27\include\pystrcmp.h">
      <Filter>Header Files</Filter>
    </ClInclude>
    <ClInclude Include="C:\Python27\include\pystrtod.h">
      <Filter>Header Files</Filter>
    </ClInclude>
    <ClInclude Include="C:\Python27\include\Python.h">
      <Filter>Header Files</Filter>
    </ClInclude>
    <ClInclude Include="C:\Python27\include\Python-ast.h">
      <Filter>Header Files</Filter>
    </ClInclude>
    <ClInclude Include="C:\Python27\include\pythonrun.h">
      <Filter>Header Files</Filter>
    </ClInclude>
    <ClInclude Include="C:\Python27\include\pythread.h">
      <Filter>Header Files</Filter>
    </ClInclude>
    <ClInclude Include="C:\Python27\include\rangeobject.h">
      <Filter>Header Files</Filter>
    </ClInclude>
    <ClInclude Include="C:\Python27\include\setobject.h">
      <Filter>Header Files</Filter>
    </ClInclude>
    <ClInclude Include="C:\Python27\include\sliceobject.h">
      <Filter>Header Files</Filter>
    </ClInclude>
    <ClInclude Include="C:\Python27\include\stringobject.h">
      <Filter>Header Files</Filter>
    </ClInclude>
    <ClInclude Include="C:\Python27\include\structmember.h">
      <Filter>Header Files</Filter>
    </ClInclude>
    <ClInclude Include="C:\Python27\include\structseq.h">
      <Filter>Header Files</Filter>
    </ClInclude>
    <ClInclude Include="C:\Python27\include\symtable.h">
      <Filter>Header Files</Filter>
    </ClInclude>
    <ClInclude Include="C:\Python27\include\sysmodule.h">
      <Filter>Header Files</Filter>
    </ClInclude>
    <ClInclude Include="C:\Python27\include\timefuncs.h">
      <Filter>Header Files</Filter>
    </ClInclude>
    <ClInclude Include="C:\Python27\include\token.h">
      <Filter>Header Files</Filter>
    </ClInclude>
    <ClInclude Include="C:\Python27\include\traceback.h">
      <Filter>Header Files</Filter>
    </ClInclude>
    <ClInclude Include="C:\Python27\include\tupleobject.h">
      <Filter>Header Files</Filter>
    </ClInclude>
    <ClInclude Include="C:\Python27\include\ucnhash.h">
      <Filter>Header Files</Filter>
    </ClInclude>
    <ClInclude Include="C:\Python27\include\unicodeobject.h">
      <Filter>Header Files</Filter>
    </ClInclude>
    <ClInclude Include="C:\Python27\include\warnings.h">
      <Filter>Header Files</Filter>
    </ClInclude>
    <ClInclude Include="C:\Python27\include\weakrefobject.h">
      <Filter>Header Files</Filter>
    </ClInclude>
  </ItemGroup>
  <ItemGroup>
    <ClCompile Include="solve_it.cpp">
      <Filter>Source Files</Filter>
    </ClCompile>
  </ItemGroup>
</Project>